// !$*UTF8*$!
{
	archiveVersion = 1;
	classes = {
	};
	objectVersion = 56;
	objects = {

/* Begin PBXBuildFile section */
		D4EF7EE229EB3C6700AD2D6B /* ResizableViewsApp.swift in Sources */ = {isa = PBXBuildFile; fileRef = D4EF7EE129EB3C6700AD2D6B /* ResizableViewsApp.swift */; };
		D4EF7EE429EB3C6700AD2D6B /* ContentView.swift in Sources */ = {isa = PBXBuildFile; fileRef = D4EF7EE329EB3C6700AD2D6B /* ContentView.swift */; };
		D4EF7EE629EB3C6700AD2D6B /* Assets.xcassets in Resources */ = {isa = PBXBuildFile; fileRef = D4EF7EE529EB3C6700AD2D6B /* Assets.xcassets */; };
		D4EF7EE929EB3C6700AD2D6B /* Preview Assets.xcassets in Resources */ = {isa = PBXBuildFile; fileRef = D4EF7EE829EB3C6700AD2D6B /* Preview Assets.xcassets */; };
		D4EF7EF029EB3FE500AD2D6B /* ResizeModifer.swift in Sources */ = {isa = PBXBuildFile; fileRef = D4EF7EEF29EB3FE500AD2D6B /* ResizeModifer.swift */; };
		D4EF7EF229EB598900AD2D6B /* README.md in Resources */ = {isa = PBXBuildFile; fileRef = D4EF7EF129EB598900AD2D6B /* README.md */; };
/* End PBXBuildFile section */

/* Begin PBXFileReference section */
		D4EF7EDE29EB3C6700AD2D6B /* ResizableViews.app */ = {isa = PBXFileReference; explicitFileType = wrapper.application; includeInIndex = 0; path = ResizableViews.app; sourceTree = BUILT_PRODUCTS_DIR; };
		D4EF7EE129EB3C6700AD2D6B /* ResizableViewsApp.swift */ = {isa = PBXFileReference; lastKnownFileType = sourcecode.swift; path = ResizableViewsApp.swift; sourceTree = "<group>"; };
		D4EF7EE329EB3C6700AD2D6B /* ContentView.swift */ = {isa = PBXFileReference; lastKnownFileType = sourcecode.swift; path = ContentView.swift; sourceTree = "<group>"; };
		D4EF7EE529EB3C6700AD2D6B /* Assets.xcassets */ = {isa = PBXFileReference; lastKnownFileType = folder.assetcatalog; path = Assets.xcassets; sourceTree = "<group>"; };
		D4EF7EE829EB3C6700AD2D6B /* Preview Assets.xcassets */ = {isa = PBXFileReference; lastKnownFileType = folder.assetcatalog; path = "Preview Assets.xcassets"; sourceTree = "<group>"; };
		D4EF7EEF29EB3FE500AD2D6B /* ResizeModifer.swift */ = {isa = PBXFileReference; lastKnownFileType = sourcecode.swift; path = ResizeModifer.swift; sourceTree = "<group>"; };
		D4EF7EF129EB598900AD2D6B /* README.md */ = {isa = PBXFileReference; lastKnownFileType = net.daringfireball.markdown; path = README.md; sourceTree = "<group>"; };
/* End PBXFileReference section */

/* Begin PBXFrameworksBuildPhase section */
		D4EF7EDB29EB3C6700AD2D6B /* Frameworks */ = {
			isa = PBXFrameworksBuildPhase;
			buildActionMask = 2147483647;
			files = (
			);
			runOnlyForDeploymentPostprocessing = 0;
		};
/* End PBXFrameworksBuildPhase section */

/* Begin PBXGroup section */
		D4EF7ED529EB3C6700AD2D6B = {
			isa = PBXGroup;
			children = (
				D4EF7EF129EB598900AD2D6B /* README.md */,
				D4EF7EE029EB3C6700AD2D6B /* ResizableViews */,
				D4EF7EDF29EB3C6700AD2D6B /* Products */,
			);
			sourceTree = "<group>";
		};
		D4EF7EDF29EB3C6700AD2D6B /* Products */ = {
			isa = PBXGroup;
			children = (
				D4EF7EDE29EB3C6700AD2D6B /* ResizableViews.app */,
			);
			name = Products;
			sourceTree = "<group>";
		};
		D4EF7EE029EB3C6700AD2D6B /* ResizableViews */ = {
			isa = PBXGroup;
			children = (
				D4EF7EE129EB3C6700AD2D6B /* ResizableViewsApp.swift */,
				D4EF7EE329EB3C6700AD2D6B /* ContentView.swift */,
				D4EF7EE529EB3C6700AD2D6B /* Assets.xcassets */,
				D4EF7EE729EB3C6700AD2D6B /* Preview Content */,
				D4EF7EEF29EB3FE500AD2D6B /* ResizeModifer.swift */,
			);
			path = ResizableViews;
			sourceTree = "<group>";
		};
		D4EF7EE729EB3C6700AD2D6B /* Preview Content */ = {
			isa = PBXGroup;
			children = (
				D4EF7EE829EB3C6700AD2D6B /* Preview Assets.xcassets */,
			);
			path = "Preview Content";
			sourceTree = "<group>";
		};
/* End PBXGroup section */

/* Begin PBXNativeTarget section */
		D4EF7EDD29EB3C6700AD2D6B /* ResizableViews */ = {
			isa = PBXNativeTarget;
			buildConfigurationList = D4EF7EEC29EB3C6700AD2D6B /* Build configuration list for PBXNativeTarget "ResizableViews" */;
			buildPhases = (
				D4EF7EDA29EB3C6700AD2D6B /* Sources */,
				D4EF7EDB29EB3C6700AD2D6B /* Frameworks */,
				D4EF7EDC29EB3C6700AD2D6B /* Resources */,
			);
			buildRules = (
			);
			dependencies = (
			);
			name = ResizableViews;
			productName = ResizableViews;
			productReference = D4EF7EDE29EB3C6700AD2D6B /* ResizableViews.app */;
			productType = "com.apple.product-type.application";
		};
/* End PBXNativeTarget section */

/* Begin PBXProject section */
		D4EF7ED629EB3C6700AD2D6B /* Project object */ = {
			isa = PBXProject;
			attributes = {
				BuildIndependentTargetsInParallel = 1;
				LastSwiftUpdateCheck = 1430;
				LastUpgradeCheck = 1430;
				TargetAttributes = {
					D4EF7EDD29EB3C6700AD2D6B = {
						CreatedOnToolsVersion = 14.3;
					};
				};
			};
			buildConfigurationList = D4EF7ED929EB3C6700AD2D6B /* Build configuration list for PBXProject "ResizableViews" */;
			compatibilityVersion = "Xcode 14.0";
			developmentRegion = en;
			hasScannedForEncodings = 0;
			knownRegions = (
				en,
				Base,
			);
			mainGroup = D4EF7ED529EB3C6700AD2D6B;
			productRefGroup = D4EF7EDF29EB3C6700AD2D6B /* Products */;
			projectDirPath = "";
			projectRoot = "";
			targets = (
				D4EF7EDD29EB3C6700AD2D6B /* ResizableViews */,
			);
		};
/* End PBXProject section */

/* Begin PBXResourcesBuildPhase section */
		D4EF7EDC29EB3C6700AD2D6B /* Resources */ = {
			isa = PBXResourcesBuildPhase;
			buildActionMask = 2147483647;
			files = (
				D4EF7EF229EB598900AD2D6B /* README.md in Resources */,
				D4EF7EE929EB3C6700AD2D6B /* Preview Assets.xcassets in Resources */,
				D4EF7EE629EB3C6700AD2D6B /* Assets.xcassets in Resources */,
			);
			runOnlyForDeploymentPostprocessing = 0;
		};
/* End PBXResourcesBuildPhase section */

/* Begin PBXSourcesBuildPhase section */
		D4EF7EDA29EB3C6700AD2D6B /* Sources */ = {
			isa = PBXSourcesBuildPhase;
			buildActionMask = 2147483647;
			files = (
				D4EF7EE429EB3C6700AD2D6B /* ContentView.swift in Sources */,
				D4EF7EE229EB3C6700AD2D6B /* ResizableViewsApp.swift in Sources */,
				D4EF7EF029EB3FE500AD2D6B /* ResizeModifer.swift in Sources */,
			);
			runOnlyForDeploymentPostprocessing = 0;
		};
/* End PBXSourcesBuildPhase section */

/* Begin XCBuildConfiguration section */
		D4EF7EEA29EB3C6700AD2D6B /* Debug */ = {
			isa = XCBuildConfiguration;
			buildSettings = {
				ALWAYS_SEARCH_USER_PATHS = NO;
				CLANG_ANALYZER_NONNULL = YES;
				CLANG_ANALYZER_NUMBER_OBJECT_CONVERSION = YES_AGGRESSIVE;
				CLANG_CXX_LANGUAGE_STANDARD = "gnu++20";
				CLANG_ENABLE_MODULES = YES;
				CLANG_ENABLE_OBJC_ARC = YES;
				CLANG_ENABLE_OBJC_WEAK = YES;
				CLANG_WARN_BLOCK_CAPTURE_AUTORELEASING = YES;
				CLANG_WARN_BOOL_CONVERSION = YES;
				CLANG_WARN_COMMA = YES;
				CLANG_WARN_CONSTANT_CONVERSION = YES;
				CLANG_WARN_DEPRECATED_OBJC_IMPLEMENTATIONS = YES;
				CLANG_WARN_DIRECT_OBJC_ISA_USAGE = YES_ERROR;
				CLANG_WARN_DOCUMENTATION_COMMENTS = YES;
				CLANG_WARN_EMPTY_BODY = YES;
				CLANG_WARN_ENUM_CONVERSION = YES;
				CLANG_WARN_INFINITE_RECURSION = YES;
				CLANG_WARN_INT_CONVERSION = YES;
				CLANG_WARN_NON_LITERAL_NULL_CONVERSION = YES;
				CLANG_WARN_OBJC_IMPLICIT_RETAIN_SELF = YES;
				CLANG_WARN_OBJC_LITERAL_CONVERSION = YES;
				CLANG_WARN_OBJC_ROOT_CLASS = YES_ERROR;
				CLANG_WARN_QUOTED_INCLUDE_IN_FRAMEWORK_HEADER = YES;
				CLANG_WARN_RANGE_LOOP_ANALYSIS = YES;
				CLANG_WARN_STRICT_PROTOTYPES = YES;
				CLANG_WARN_SUSPICIOUS_MOVE = YES;
				CLANG_WARN_UNGUARDED_AVAILABILITY = YES_AGGRESSIVE;
				CLANG_WARN_UNREACHABLE_CODE = YES;
				CLANG_WARN__DUPLICATE_METHOD_MATCH = YES;
				COPY_PHASE_STRIP = NO;
				DEBUG_INFORMATION_FORMAT = dwarf;
				ENABLE_STRICT_OBJC_MSGSEND = YES;
				ENABLE_TESTABILITY = YES;
				GCC_C_LANGUAGE_STANDARD = gnu11;
				GCC_DYNAMIC_NO_PIC = NO;
				GCC_NO_COMMON_BLOCKS = YES;
				GCC_OPTIMIZATION_LEVEL = 0;
				GCC_PREPROCESSOR_DEFINITIONS = (
					"DEBUG=1",
					"$(inherited)",
				);
				GCC_WARN_64_TO_32_BIT_CONVERSION = YES;
				GCC_WARN_ABOUT_RETURN_TYPE = YES_ERROR;
				GCC_WARN_UNDECLARED_SELECTOR = YES;
				GCC_WARN_UNINITIALIZED_AUTOS = YES_AGGRESSIVE;
				GCC_WARN_UNUSED_FUNCTION = YES;
				GCC_WARN_UNUSED_VARIABLE = YES;
				IPHONEOS_DEPLOYMENT_TARGET = 16.4;
				MTL_ENABLE_DEBUG_INFO = INCLUDE_SOURCE;
				MTL_FAST_MATH = YES;
				ONLY_ACTIVE_ARCH = YES;
				SDKROOT = iphoneos;
				SWIFT_ACTIVE_COMPILATION_CONDITIONS = DEBUG;
				SWIFT_OPTIMIZATION_LEVEL = "-Onone";
			};
			name = Debug;
		};
		D4EF7EEB29EB3C6700AD2D6B /* Release */ = {
			isa = XCBuildConfiguration;
			buildSettings = {
				ALWAYS_SEARCH_USER_PATHS = NO;
				CLANG_ANALYZER_NONNULL = YES;
				CLANG_ANALYZER_NUMBER_OBJECT_CONVERSION = YES_AGGRESSIVE;
				CLANG_CXX_LANGUAGE_STANDARD = "gnu++20";
				CLANG_ENABLE_MODULES = YES;
				CLANG_ENABLE_OBJC_ARC = YES;
				CLANG_ENABLE_OBJC_WEAK = YES;
				CLANG_WARN_BLOCK_CAPTURE_AUTORELEASING = YES;
				CLANG_WARN_BOOL_CONVERSION = YES;
				CLANG_WARN_COMMA = YES;
				CLANG_WARN_CONSTANT_CONVERSION = YES;
				CLANG_WARN_DEPRECATED_OBJC_IMPLEMENTATIONS = YES;
				CLANG_WARN_DIRECT_OBJC_ISA_USAGE = YES_ERROR;
				CLANG_WARN_DOCUMENTATION_COMMENTS = YES;
				CLANG_WARN_EMPTY_BODY = YES;
				CLANG_WARN_ENUM_CONVERSION = YES;
				CLANG_WARN_INFINITE_RECURSION = YES;
				CLANG_WARN_INT_CONVERSION = YES;
				CLANG_WARN_NON_LITERAL_NULL_CONVERSION = YES;
				CLANG_WARN_OBJC_IMPLICIT_RETAIN_SELF = YES;
				CLANG_WARN_OBJC_LITERAL_CONVERSION = YES;
				CLANG_WARN_OBJC_ROOT_CLASS = YES_ERROR;
				CLANG_WARN_QUOTED_INCLUDE_IN_FRAMEWORK_HEADER = YES;
				CLANG_WARN_RANGE_LOOP_ANALYSIS = YES;
				CLANG_WARN_STRICT_PROTOTYPES = YES;
				CLANG_WARN_SUSPICIOUS_MOVE = YES;
				CLANG_WARN_UNGUARDED_AVAILABILITY = YES_AGGRESSIVE;
				CLANG_WARN_UNREACHABLE_CODE = YES;
				CLANG_WARN__DUPLICATE_METHOD_MATCH = YES;
				COPY_PHASE_STRIP = NO;
				DEBUG_INFORMATION_FORMAT = "dwarf-with-dsym";
				ENABLE_NS_ASSERTIONS = NO;
				ENABLE_STRICT_OBJC_MSGSEND = YES;
				GCC_C_LANGUAGE_STANDARD = gnu11;
				GCC_NO_COMMON_BLOCKS = YES;
				GCC_WARN_64_TO_32_BIT_CONVERSION = YES;
				GCC_WARN_ABOUT_RETURN_TYPE = YES_ERROR;
				GCC_WARN_UNDECLARED_SELECTOR = YES;
				GCC_WARN_UNINITIALIZED_AUTOS = YES_AGGRESSIVE;
				GCC_WARN_UNUSED_FUNCTION = YES;
				GCC_WARN_UNUSED_VARIABLE = YES;
				IPHONEOS_DEPLOYMENT_TARGET = 16.4;
				MTL_ENABLE_DEBUG_INFO = NO;
				MTL_FAST_MATH = YES;
				SDKROOT = iphoneos;
				SWIFT_COMPILATION_MODE = wholemodule;
				SWIFT_OPTIMIZATION_LEVEL = "-O";
				VALIDATE_PRODUCT = YES;
			};
			name = Release;
		};
		D4EF7EED29EB3C6700AD2D6B /* Debug */ = {
			isa = XCBuildConfiguration;
			buildSettings = {
				ASSETCATALOG_COMPILER_APPICON_NAME = AppIcon;
				ASSETCATALOG_COMPILER_GLOBAL_ACCENT_COLOR_NAME = AccentColor;
				CODE_SIGN_STYLE = Automatic;
				CURRENT_PROJECT_VERSION = 1;
				DEVELOPMENT_ASSET_PATHS = "\"ResizableViews/Preview Content\"";
				DEVELOPMENT_TEAM = 5JK2SGQ8V3;
				ENABLE_PREVIEWS = YES;
				GENERATE_INFOPLIST_FILE = YES;
				INFOPLIST_KEY_UIApplicationSceneManifest_Generation = YES;
				INFOPLIST_KEY_UIApplicationSupportsIndirectInputEvents = YES;
				INFOPLIST_KEY_UILaunchScreen_Generation = YES;
				INFOPLIST_KEY_UISupportedInterfaceOrientations_iPad = "UIInterfaceOrientationPortrait UIInterfaceOrientationPortraitUpsideDown UIInterfaceOrientationLandscapeLeft UIInterfaceOrientationLandscapeRight";
				INFOPLIST_KEY_UISupportedInterfaceOrientations_iPhone = "UIInterfaceOrientationPortrait UIInterfaceOrientationLandscapeLeft UIInterfaceOrientationLandscapeRight";
				LD_RUNPATH_SEARCH_PATHS = (
					"$(inherited)",
					"@executable_path/Frameworks",
				);
				MARKETING_VERSION = 1.0;
				PRODUCT_BUNDLE_IDENTIFIER = uk.oliverbravery.ResizableViews;
				PRODUCT_NAME = "$(TARGET_NAME)";
				SWIFT_EMIT_LOC_STRINGS = YES;
				SWIFT_VERSION = 5.0;
				TARGETED_DEVICE_FAMILY = "1,2";
			};
			name = Debug;
		};
		D4EF7EEE29EB3C6700AD2D6B /* Release */ = {
			isa = XCBuildConfiguration;
			buildSettings = {
				ASSETCATALOG_COMPILER_APPICON_NAME = AppIcon;
				ASSETCATALOG_COMPILER_GLOBAL_ACCENT_COLOR_NAME = AccentColor;
				CODE_SIGN_STYLE = Automatic;
				CURRENT_PROJECT_VERSION = 1;
				DEVELOPMENT_ASSET_PATHS = "\"ResizableViews/Preview Content\"";
				DEVELOPMENT_TEAM = 5JK2SGQ8V3;
				ENABLE_PREVIEWS = YES;
				GENERATE_INFOPLIST_FILE = YES;
				INFOPLIST_KEY_UIApplicationSceneManifest_Generation = YES;
				INFOPLIST_KEY_UIApplicationSupportsIndirectInputEvents = YES;
				INFOPLIST_KEY_UILaunchScreen_Generation = YES;
				INFOPLIST_KEY_UISupportedInterfaceOrientations_iPad = "UIInterfaceOrientationPortrait UIInterfaceOrientationPortraitUpsideDown UIInterfaceOrientationLandscapeLeft UIInterfaceOrientationLandscapeRight";
				INFOPLIST_KEY_UISupportedInterfaceOrientations_iPhone = "UIInterfaceOrientationPortrait UIInterfaceOrientationLandscapeLeft UIInterfaceOrientationLandscapeRight";
				LD_RUNPATH_SEARCH_PATHS = (
					"$(inherited)",
					"@executable_path/Frameworks",
				);
				MARKETING_VERSION = 1.0;
				PRODUCT_BUNDLE_IDENTIFIER = uk.oliverbravery.ResizableViews;
				PRODUCT_NAME = "$(TARGET_NAME)";
				SWIFT_EMIT_LOC_STRINGS = YES;
				SWIFT_VERSION = 5.0;
				TARGETED_DEVICE_FAMILY = "1,2";
			};
			name = Release;
		};
/* End XCBuildConfiguration section */

/* Begin XCConfigurationList section */
		D4EF7ED929EB3C6700AD2D6B /* Build configuration list for PBXProject "ResizableViews" */ = {
			isa = XCConfigurationList;
			buildConfigurations = (
				D4EF7EEA29EB3C6700AD2D6B /* Debug */,
				D4EF7EEB29EB3C6700AD2D6B /* Release */,
			);
			defaultConfigurationIsVisible = 0;
			defaultConfigurationName = Release;
		};
		D4EF7EEC29EB3C6700AD2D6B /* Build configuration list for PBXNativeTarget "ResizableViews" */ = {
			isa = XCConfigurationList;
			buildConfigurations = (
				D4EF7EED29EB3C6700AD2D6B /* Debug */,
				D4EF7EEE29EB3C6700AD2D6B /* Release */,
			);
			defaultConfigurationIsVisible = 0;
			defaultConfigurationName = Release;
		};
/* End XCConfigurationList section */
	};
	rootObject = D4EF7ED629EB3C6700AD2D6B /* Project object */;
}
